Microsoft Visual Studio Solution File, Format Version 12.00
# Visual Studio Version 17
VisualStudioVersion = 17.5.2.0
MinimumVisualStudioVersion = 10.0.40219.1
Project("{FAE04EC0-301F-11D3-BF4B-00C04F79EFBC}") = "MOVIEBOX", "MOVIEBOX.csproj", "{BEFBA268-CDD5-E9DF-5DAE-5DD469293EF8}"
EndProject
Global
	GlobalSection(SolutionConfigurationPlatforms) = preSolution
		Debug|Any CPU = Debug|Any CPU
		Release|Any CPU = Release|Any CPU
	EndGlobalSection
	GlobalSection(ProjectConfigurationPlatforms) = postSolution
		{BEFBA268-CDD5-E9DF-5DAE-5DD469293EF8}.Debug|Any CPU.ActiveCfg = Debug|Any CPU
		{BEFBA268-CDD5-E9DF-5DAE-5DD469293EF8}.Debug|Any CPU.Build.0 = Debug|Any CPU
		{BEFBA268-CDD5-E9DF-5DAE-5DD469293EF8}.Release|Any CPU.ActiveCfg = Release|Any CPU
		{BEFBA268-CDD5-E9DF-5DAE-5DD469293EF8}.Release|Any CPU.Build.0 = Release|Any CPU
	EndGlobalSection
	GlobalSection(SolutionProperties) = preSolution
		HideSolutionNode = FALSE
	EndGlobalSection
	GlobalSection(ExtensibilityGlobals) = postSolution
		SolutionGuid = {B319361D-BCA8-4753-80AB-2D082181A189}
	EndGlobalSection
EndGlobal
